
Microsoft Visual Studio Solution File, Format Version 12.00
# Visual Studio Version 17
VisualStudioVersion = 17.3.32901.215
MinimumVisualStudioVersion = 10.0.40219.1
Project("{FAE04EC0-301F-11D3-BF4B-00C04F79EFBC}") = "csharp-oop-shop", "csharp-oop-shop.csproj", "{B37BFDD6-793C-4F4D-B65C-4E274E858DEA}"
EndProject
Global
	GlobalSection(SolutionConfigurationPlatforms) = preSolution
		Debug|Any CPU = Debug|Any CPU
		Release|Any CPU = Release|Any CPU
	EndGlobalSection
	GlobalSection(ProjectConfigurationPlatforms) = postSolution
		{B37BFDD6-793C-4F4D-B65C-4E274E858DEA}.Debug|Any CPU.ActiveCfg = Debug|Any CPU
		{B37BFDD6-793C-4F4D-B65C-4E274E858DEA}.Debug|Any CPU.Build.0 = Debug|Any CPU
		{B37BFDD6-793C-4F4D-B65C-4E274E858DEA}.Release|Any CPU.ActiveCfg = Release|Any CPU
		{B37BFDD6-793C-4F4D-B65C-4E274E858DEA}.Release|Any CPU.Build.0 = Release|Any CPU
	EndGlobalSection
	GlobalSection(SolutionProperties) = preSolution
		HideSolutionNode = FALSE
	EndGlobalSection
	GlobalSection(ExtensibilityGlobals) = postSolution
		SolutionGuid = {A27E5401-BA5A-47EC-AB5B-B875A3DF172C}
	EndGlobalSection
EndGlobal
